
Microsoft Visual Studio Solution File, Format Version 12.00
# Visual Studio Version 16
VisualStudioVersion = 16.0.29503.13
MinimumVisualStudioVersion = 10.0.40219.1
Project("{FAE04EC0-301F-11D3-BF4B-00C04F79EFBC}") = "CoreBotWithTests1", "CoreBotWithTests1\CoreBotWithTests1.csproj", "{91E03852-90E5-41F8-B557-646A17881E1A}"
EndProject
Project("{FAE04EC0-301F-11D3-BF4B-00C04F79EFBC}") = "CoreBotWithTests1.Tests", "CoreBotWithTests1.Tests\CoreBotWithTests1.Tests.csproj", "{AB95E87E-5665-429D-BD84-05EF87AF4CF6}"
EndProject
Global
	GlobalSection(SolutionConfigurationPlatforms) = preSolution
		Debug|Any CPU = Debug|Any CPU
		Release|Any CPU = Release|Any CPU
	EndGlobalSection
	GlobalSection(ProjectConfigurationPlatforms) = postSolution
		{91E03852-90E5-41F8-B557-646A17881E1A}.Debug|Any CPU.ActiveCfg = Debug|Any CPU
		{91E03852-90E5-41F8-B557-646A17881E1A}.Debug|Any CPU.Build.0 = Debug|Any CPU
		{91E03852-90E5-41F8-B557-646A17881E1A}.Release|Any CPU.ActiveCfg = Release|Any CPU
		{91E03852-90E5-41F8-B557-646A17881E1A}.Release|Any CPU.Build.0 = Release|Any CPU
		{AB95E87E-5665-429D-BD84-05EF87AF4CF6}.Debug|Any CPU.ActiveCfg = Debug|Any CPU
		{AB95E87E-5665-429D-BD84-05EF87AF4CF6}.Debug|Any CPU.Build.0 = Debug|Any CPU
		{AB95E87E-5665-429D-BD84-05EF87AF4CF6}.Release|Any CPU.ActiveCfg = Release|Any CPU
		{AB95E87E-5665-429D-BD84-05EF87AF4CF6}.Release|Any CPU.Build.0 = Release|Any CPU
	EndGlobalSection
	GlobalSection(SolutionProperties) = preSolution
		HideSolutionNode = FALSE
	EndGlobalSection
	GlobalSection(ExtensibilityGlobals) = postSolution
		SolutionGuid = {D015CBF2-0F06-4143-8741-A5B0AC08BBA1}
	EndGlobalSection
EndGlobal
